
Microsoft Visual Studio Solution File, Format Version 12.00
# Visual Studio 15
VisualStudioVersion = 15.0.26124.0
MinimumVisualStudioVersion = 15.0.26124.0
Project("{FAE04EC0-301F-11D3-BF4B-00C04F79EFBC}") = "OneStudy.Core", "OneStudy.Core\OneStudy.Core.csproj", "{351FE22D-0A1D-4A12-A86A-AF437A0F6BCE}"
EndProject
Project("{FAE04EC0-301F-11D3-BF4B-00C04F79EFBC}") = "OneStudy.Lib", "OneStudy.Lib\OneStudy.Lib.csproj", "{3C6127B3-2479-4428-B58D-F10FC3150088}"
EndProject
Global
	GlobalSection(SolutionConfigurationPlatforms) = preSolution
		Debug|Any CPU = Debug|Any CPU
		Debug|x64 = Debug|x64
		Debug|x86 = Debug|x86
		Release|Any CPU = Release|Any CPU
		Release|x64 = Release|x64
		Release|x86 = Release|x86
	EndGlobalSection
	GlobalSection(SolutionProperties) = preSolution
		HideSolutionNode = FALSE
	EndGlobalSection
	GlobalSection(ProjectConfigurationPlatforms) = postSolution
		{351FE22D-0A1D-4A12-A86A-AF437A0F6BCE}.Debug|Any CPU.ActiveCfg = Debug|Any CPU
		{351FE22D-0A1D-4A12-A86A-AF437A0F6BCE}.Debug|Any CPU.Build.0 = Debug|Any CPU
		{351FE22D-0A1D-4A12-A86A-AF437A0F6BCE}.Debug|x64.ActiveCfg = Debug|Any CPU
		{351FE22D-0A1D-4A12-A86A-AF437A0F6BCE}.Debug|x64.Build.0 = Debug|Any CPU
		{351FE22D-0A1D-4A12-A86A-AF437A0F6BCE}.Debug|x86.ActiveCfg = Debug|Any CPU
		{351FE22D-0A1D-4A12-A86A-AF437A0F6BCE}.Debug|x86.Build.0 = Debug|Any CPU
		{351FE22D-0A1D-4A12-A86A-AF437A0F6BCE}.Release|Any CPU.ActiveCfg = Release|Any CPU
		{351FE22D-0A1D-4A12-A86A-AF437A0F6BCE}.Release|Any CPU.Build.0 = Release|Any CPU
		{351FE22D-0A1D-4A12-A86A-AF437A0F6BCE}.Release|x64.ActiveCfg = Release|Any CPU
		{351FE22D-0A1D-4A12-A86A-AF437A0F6BCE}.Release|x64.Build.0 = Release|Any CPU
		{351FE22D-0A1D-4A12-A86A-AF437A0F6BCE}.Release|x86.ActiveCfg = Release|Any CPU
		{351FE22D-0A1D-4A12-A86A-AF437A0F6BCE}.Release|x86.Build.0 = Release|Any CPU
		{3C6127B3-2479-4428-B58D-F10FC3150088}.Debug|Any CPU.ActiveCfg = Debug|Any CPU
		{3C6127B3-2479-4428-B58D-F10FC3150088}.Debug|Any CPU.Build.0 = Debug|Any CPU
		{3C6127B3-2479-4428-B58D-F10FC3150088}.Debug|x64.ActiveCfg = Debug|Any CPU
		{3C6127B3-2479-4428-B58D-F10FC3150088}.Debug|x64.Build.0 = Debug|Any CPU
		{3C6127B3-2479-4428-B58D-F10FC3150088}.Debug|x86.ActiveCfg = Debug|Any CPU
		{3C6127B3-2479-4428-B58D-F10FC3150088}.Debug|x86.Build.0 = Debug|Any CPU
		{3C6127B3-2479-4428-B58D-F10FC3150088}.Release|Any CPU.ActiveCfg = Release|Any CPU
		{3C6127B3-2479-4428-B58D-F10FC3150088}.Release|Any CPU.Build.0 = Release|Any CPU
		{3C6127B3-2479-4428-B58D-F10FC3150088}.Release|x64.ActiveCfg = Release|Any CPU
		{3C6127B3-2479-4428-B58D-F10FC3150088}.Release|x64.Build.0 = Release|Any CPU
		{3C6127B3-2479-4428-B58D-F10FC3150088}.Release|x86.ActiveCfg = Release|Any CPU
		{3C6127B3-2479-4428-B58D-F10FC3150088}.Release|x86.Build.0 = Release|Any CPU
	EndGlobalSection
EndGlobal
